
Microsoft Visual Studio Solution File, Format Version 12.00
# Visual Studio Version 17
VisualStudioVersion = 17.14.36401.2 d17.14
MinimumVisualStudioVersion = 10.0.40219.1
Project("{FAE04EC0-301F-11D3-BF4B-00C04F79EFBC}") = "Day13Lab04", "Day13Lab04\Day13Lab04.csproj", "{72C5BD91-2E33-4AC2-B3E3-D5D2E4366A66}"
EndProject
Global
	GlobalSection(SolutionConfigurationPlatforms) = preSolution
		Debug|Any CPU = Debug|Any CPU
		Release|Any CPU = Release|Any CPU
	EndGlobalSection
	GlobalSection(ProjectConfigurationPlatforms) = postSolution
		{72C5BD91-2E33-4AC2-B3E3-D5D2E4366A66}.Debug|Any CPU.ActiveCfg = Debug|Any CPU
		{72C5BD91-2E33-4AC2-B3E3-D5D2E4366A66}.Debug|Any CPU.Build.0 = Debug|Any CPU
		{72C5BD91-2E33-4AC2-B3E3-D5D2E4366A66}.Release|Any CPU.ActiveCfg = Release|Any CPU
		{72C5BD91-2E33-4AC2-B3E3-D5D2E4366A66}.Release|Any CPU.Build.0 = Release|Any CPU
	EndGlobalSection
	GlobalSection(SolutionProperties) = preSolution
		HideSolutionNode = FALSE
	EndGlobalSection
	GlobalSection(ExtensibilityGlobals) = postSolution
		SolutionGuid = {C00F03CC-A86C-473D-B618-1C11D635CF2C}
	EndGlobalSection
EndGlobal
