
Microsoft Visual Studio Solution File, Format Version 12.00
# Visual Studio Version 17
VisualStudioVersion = 17.14.36414.22 d17.14
MinimumVisualStudioVersion = 10.0.40219.1
Project("{FAE04EC0-301F-11D3-BF4B-00C04F79EFBC}") = "Lap1ThucHanh", "Lap1ThucHanh\Lap1ThucHanh.csproj", "{0D20F119-4D0B-426F-A420-543F36451C6C}"
EndProject
Global
	GlobalSection(SolutionConfigurationPlatforms) = preSolution
		Debug|Any CPU = Debug|Any CPU
		Release|Any CPU = Release|Any CPU
	EndGlobalSection
	GlobalSection(ProjectConfigurationPlatforms) = postSolution
		{0D20F119-4D0B-426F-A420-543F36451C6C}.Debug|Any CPU.ActiveCfg = Debug|Any CPU
		{0D20F119-4D0B-426F-A420-543F36451C6C}.Debug|Any CPU.Build.0 = Debug|Any CPU
		{0D20F119-4D0B-426F-A420-543F36451C6C}.Release|Any CPU.ActiveCfg = Release|Any CPU
		{0D20F119-4D0B-426F-A420-543F36451C6C}.Release|Any CPU.Build.0 = Release|Any CPU
	EndGlobalSection
	GlobalSection(SolutionProperties) = preSolution
		HideSolutionNode = FALSE
	EndGlobalSection
	GlobalSection(ExtensibilityGlobals) = postSolution
		SolutionGuid = {44871A85-B80A-4D40-A643-55A4F30E3A25}
	EndGlobalSection
EndGlobal
