
Microsoft Visual Studio Solution File, Format Version 12.00
# Visual Studio Version 17
VisualStudioVersion = 17.14.36401.2 d17.14
MinimumVisualStudioVersion = 10.0.40219.1
Project("{FAE04EC0-301F-11D3-BF4B-00C04F79EFBC}") = "DayLab01", "DayLab01\DayLab01.csproj", "{D08E6134-E465-4BB4-A209-F82B2E693FBF}"
EndProject
Global
	GlobalSection(SolutionConfigurationPlatforms) = preSolution
		Debug|Any CPU = Debug|Any CPU
		Release|Any CPU = Release|Any CPU
	EndGlobalSection
	GlobalSection(ProjectConfigurationPlatforms) = postSolution
		{D08E6134-E465-4BB4-A209-F82B2E693FBF}.Debug|Any CPU.ActiveCfg = Debug|Any CPU
		{D08E6134-E465-4BB4-A209-F82B2E693FBF}.Debug|Any CPU.Build.0 = Debug|Any CPU
		{D08E6134-E465-4BB4-A209-F82B2E693FBF}.Release|Any CPU.ActiveCfg = Release|Any CPU
		{D08E6134-E465-4BB4-A209-F82B2E693FBF}.Release|Any CPU.Build.0 = Release|Any CPU
	EndGlobalSection
	GlobalSection(SolutionProperties) = preSolution
		HideSolutionNode = FALSE
	EndGlobalSection
	GlobalSection(ExtensibilityGlobals) = postSolution
		SolutionGuid = {F26BCD4F-78F0-4FD9-969E-11BB04DB3FB5}
	EndGlobalSection
EndGlobal
